
Microsoft Visual Studio Solution File, Format Version 12.00
# Visual Studio Version 17
VisualStudioVersion = 17.5.002.0
MinimumVisualStudioVersion = 10.0.40219.1
Project("{9A19103F-16F7-4668-BE54-9A1E7A4F7556}") = "BankingAPI", "BankingAPI.csproj", "{26880E8B-2602-4E3F-957D-0905E927EA86}"
EndProject
Global
	GlobalSection(SolutionConfigurationPlatforms) = preSolution
		Debug|Any CPU = Debug|Any CPU
		Release|Any CPU = Release|Any CPU
	EndGlobalSection
	GlobalSection(ProjectConfigurationPlatforms) = postSolution
		{26880E8B-2602-4E3F-957D-0905E927EA86}.Debug|Any CPU.ActiveCfg = Debug|Any CPU
		{26880E8B-2602-4E3F-957D-0905E927EA86}.Debug|Any CPU.Build.0 = Debug|Any CPU
		{26880E8B-2602-4E3F-957D-0905E927EA86}.Release|Any CPU.ActiveCfg = Release|Any CPU
		{26880E8B-2602-4E3F-957D-0905E927EA86}.Release|Any CPU.Build.0 = Release|Any CPU
	EndGlobalSection
	GlobalSection(SolutionProperties) = preSolution
		HideSolutionNode = FALSE
	EndGlobalSection
	GlobalSection(ExtensibilityGlobals) = postSolution
		SolutionGuid = {DE69F1AA-1451-497C-B925-37C26ED7A90D}
	EndGlobalSection
EndGlobal
